
Microsoft Visual Studio Solution File, Format Version 12.00
# Visual Studio Version 18
VisualStudioVersion = 18.1.11312.151 d18.0
MinimumVisualStudioVersion = 10.0.40219.1
Project("{FAE04EC0-301F-11D3-BF4B-00C04F79EFBC}") = "CORE", "CORE\CORE.csproj", "{B1ECD7C6-72BF-4DE0-98E8-AA14948C94D5}"
EndProject
Project("{FAE04EC0-301F-11D3-BF4B-00C04F79EFBC}") = "INTERFACES", "INTERFACES\INTERFACES.csproj", "{E7540EFE-A403-43BB-9B17-EA8A01319614}"
	ProjectSection(ProjectDependencies) = postProject
		{B1ECD7C6-72BF-4DE0-98E8-AA14948C94D5} = {B1ECD7C6-72BF-4DE0-98E8-AA14948C94D5}
	EndProjectSection
EndProject
Project("{FAE04EC0-301F-11D3-BF4B-00C04F79EFBC}") = "BL", "BL\BL.csproj", "{E318E433-D5F4-4BE7-975C-9F44D4440164}"
EndProject
Project("{FAE04EC0-301F-11D3-BF4B-00C04F79EFBC}") = "DAOMock", "DAOMock\DAOMock.csproj", "{34B27EE8-13A4-4928-AF9F-356255D11738}"
	ProjectSection(ProjectDependencies) = postProject
		{B1ECD7C6-72BF-4DE0-98E8-AA14948C94D5} = {B1ECD7C6-72BF-4DE0-98E8-AA14948C94D5}
		{E7540EFE-A403-43BB-9B17-EA8A01319614} = {E7540EFE-A403-43BB-9B17-EA8A01319614}
	EndProjectSection
EndProject
Project("{FAE04EC0-301F-11D3-BF4B-00C04F79EFBC}") = "DAOSQL", "DAOSQL\DAOSQL.csproj", "{7FDD0A01-52C7-4842-A221-570AF71636A6}"
EndProject
Project("{FAE04EC0-301F-11D3-BF4B-00C04F79EFBC}") = "WPF", "WPF\WPF.csproj", "{F8659AA9-551F-428C-B6D4-E4E12B9F8A20}"
EndProject
Project("{FAE04EC0-301F-11D3-BF4B-00C04F79EFBC}") = "_156023_155875.ProgWiz.WEB", "_156023_155875.ProgWiz.WEB\_156023_155875.ProgWiz.WEB.csproj", "{701B4E28-1D2F-4B21-8157-B24CD14CF825}"
EndProject
Global
	GlobalSection(SolutionConfigurationPlatforms) = preSolution
		Debug|Any CPU = Debug|Any CPU
		Debug|x64 = Debug|x64
		Debug|x86 = Debug|x86
		Release|Any CPU = Release|Any CPU
		Release|x64 = Release|x64
		Release|x86 = Release|x86
	EndGlobalSection
	GlobalSection(ProjectConfigurationPlatforms) = postSolution
		{B1ECD7C6-72BF-4DE0-98E8-AA14948C94D5}.Debug|Any CPU.ActiveCfg = Debug|Any CPU
		{B1ECD7C6-72BF-4DE0-98E8-AA14948C94D5}.Debug|Any CPU.Build.0 = Debug|Any CPU
		{B1ECD7C6-72BF-4DE0-98E8-AA14948C94D5}.Debug|x64.ActiveCfg = Debug|Any CPU
		{B1ECD7C6-72BF-4DE0-98E8-AA14948C94D5}.Debug|x64.Build.0 = Debug|Any CPU
		{B1ECD7C6-72BF-4DE0-98E8-AA14948C94D5}.Debug|x86.ActiveCfg = Debug|Any CPU
		{B1ECD7C6-72BF-4DE0-98E8-AA14948C94D5}.Debug|x86.Build.0 = Debug|Any CPU
		{B1ECD7C6-72BF-4DE0-98E8-AA14948C94D5}.Release|Any CPU.ActiveCfg = Release|Any CPU
		{B1ECD7C6-72BF-4DE0-98E8-AA14948C94D5}.Release|Any CPU.Build.0 = Release|Any CPU
		{B1ECD7C6-72BF-4DE0-98E8-AA14948C94D5}.Release|x64.ActiveCfg = Release|Any CPU
		{B1ECD7C6-72BF-4DE0-98E8-AA14948C94D5}.Release|x64.Build.0 = Release|Any CPU
		{B1ECD7C6-72BF-4DE0-98E8-AA14948C94D5}.Release|x86.ActiveCfg = Release|Any CPU
		{B1ECD7C6-72BF-4DE0-98E8-AA14948C94D5}.Release|x86.Build.0 = Release|Any CPU
		{E7540EFE-A403-43BB-9B17-EA8A01319614}.Debug|Any CPU.ActiveCfg = Debug|Any CPU
		{E7540EFE-A403-43BB-9B17-EA8A01319614}.Debug|Any CPU.Build.0 = Debug|Any CPU
		{E7540EFE-A403-43BB-9B17-EA8A01319614}.Debug|x64.ActiveCfg = Debug|Any CPU
		{E7540EFE-A403-43BB-9B17-EA8A01319614}.Debug|x64.Build.0 = Debug|Any CPU
		{E7540EFE-A403-43BB-9B17-EA8A01319614}.Debug|x86.ActiveCfg = Debug|Any CPU
		{E7540EFE-A403-43BB-9B17-EA8A01319614}.Debug|x86.Build.0 = Debug|Any CPU
		{E7540EFE-A403-43BB-9B17-EA8A01319614}.Release|Any CPU.ActiveCfg = Release|Any CPU
		{E7540EFE-A403-43BB-9B17-EA8A01319614}.Release|Any CPU.Build.0 = Release|Any CPU
		{E7540EFE-A403-43BB-9B17-EA8A01319614}.Release|x64.ActiveCfg = Release|Any CPU
		{E7540EFE-A403-43BB-9B17-EA8A01319614}.Release|x64.Build.0 = Release|Any CPU
		{E7540EFE-A403-43BB-9B17-EA8A01319614}.Release|x86.ActiveCfg = Release|Any CPU
		{E7540EFE-A403-43BB-9B17-EA8A01319614}.Release|x86.Build.0 = Release|Any CPU
		{E318E433-D5F4-4BE7-975C-9F44D4440164}.Debug|Any CPU.ActiveCfg = Debug|Any CPU
		{E318E433-D5F4-4BE7-975C-9F44D4440164}.Debug|Any CPU.Build.0 = Debug|Any CPU
		{E318E433-D5F4-4BE7-975C-9F44D4440164}.Debug|x64.ActiveCfg = Debug|Any CPU
		{E318E433-D5F4-4BE7-975C-9F44D4440164}.Debug|x64.Build.0 = Debug|Any CPU
		{E318E433-D5F4-4BE7-975C-9F44D4440164}.Debug|x86.ActiveCfg = Debug|Any CPU
		{E318E433-D5F4-4BE7-975C-9F44D4440164}.Debug|x86.Build.0 = Debug|Any CPU
		{E318E433-D5F4-4BE7-975C-9F44D4440164}.Release|Any CPU.ActiveCfg = Release|Any CPU
		{E318E433-D5F4-4BE7-975C-9F44D4440164}.Release|Any CPU.Build.0 = Release|Any CPU
		{E318E433-D5F4-4BE7-975C-9F44D4440164}.Release|x64.ActiveCfg = Release|Any CPU
		{E318E433-D5F4-4BE7-975C-9F44D4440164}.Release|x64.Build.0 = Release|Any CPU
		{E318E433-D5F4-4BE7-975C-9F44D4440164}.Release|x86.ActiveCfg = Release|Any CPU
		{E318E433-D5F4-4BE7-975C-9F44D4440164}.Release|x86.Build.0 = Release|Any CPU
		{34B27EE8-13A4-4928-AF9F-356255D11738}.Debug|Any CPU.ActiveCfg = Debug|Any CPU
		{34B27EE8-13A4-4928-AF9F-356255D11738}.Debug|Any CPU.Build.0 = Debug|Any CPU
		{34B27EE8-13A4-4928-AF9F-356255D11738}.Debug|x64.ActiveCfg = Debug|Any CPU
		{34B27EE8-13A4-4928-AF9F-356255D11738}.Debug|x64.Build.0 = Debug|Any CPU
		{34B27EE8-13A4-4928-AF9F-356255D11738}.Debug|x86.ActiveCfg = Debug|Any CPU
		{34B27EE8-13A4-4928-AF9F-356255D11738}.Debug|x86.Build.0 = Debug|Any CPU
		{34B27EE8-13A4-4928-AF9F-356255D11738}.Release|Any CPU.ActiveCfg = Release|Any CPU
		{34B27EE8-13A4-4928-AF9F-356255D11738}.Release|Any CPU.Build.0 = Release|Any CPU
		{34B27EE8-13A4-4928-AF9F-356255D11738}.Release|x64.ActiveCfg = Release|Any CPU
		{34B27EE8-13A4-4928-AF9F-356255D11738}.Release|x64.Build.0 = Release|Any CPU
		{34B27EE8-13A4-4928-AF9F-356255D11738}.Release|x86.ActiveCfg = Release|Any CPU
		{34B27EE8-13A4-4928-AF9F-356255D11738}.Release|x86.Build.0 = Release|Any CPU
		{7FDD0A01-52C7-4842-A221-570AF71636A6}.Debug|Any CPU.ActiveCfg = Debug|Any CPU
		{7FDD0A01-52C7-4842-A221-570AF71636A6}.Debug|Any CPU.Build.0 = Debug|Any CPU
		{7FDD0A01-52C7-4842-A221-570AF71636A6}.Debug|x64.ActiveCfg = Debug|Any CPU
		{7FDD0A01-52C7-4842-A221-570AF71636A6}.Debug|x64.Build.0 = Debug|Any CPU
		{7FDD0A01-52C7-4842-A221-570AF71636A6}.Debug|x86.ActiveCfg = Debug|Any CPU
		{7FDD0A01-52C7-4842-A221-570AF71636A6}.Debug|x86.Build.0 = Debug|Any CPU
		{7FDD0A01-52C7-4842-A221-570AF71636A6}.Release|Any CPU.ActiveCfg = Release|Any CPU
		{7FDD0A01-52C7-4842-A221-570AF71636A6}.Release|Any CPU.Build.0 = Release|Any CPU
		{7FDD0A01-52C7-4842-A221-570AF71636A6}.Release|x64.ActiveCfg = Release|Any CPU
		{7FDD0A01-52C7-4842-A221-570AF71636A6}.Release|x64.Build.0 = Release|Any CPU
		{7FDD0A01-52C7-4842-A221-570AF71636A6}.Release|x86.ActiveCfg = Release|Any CPU
		{7FDD0A01-52C7-4842-A221-570AF71636A6}.Release|x86.Build.0 = Release|Any CPU
		{F8659AA9-551F-428C-B6D4-E4E12B9F8A20}.Debug|Any CPU.ActiveCfg = Debug|Any CPU
		{F8659AA9-551F-428C-B6D4-E4E12B9F8A20}.Debug|Any CPU.Build.0 = Debug|Any CPU
		{F8659AA9-551F-428C-B6D4-E4E12B9F8A20}.Debug|x64.ActiveCfg = Debug|Any CPU
		{F8659AA9-551F-428C-B6D4-E4E12B9F8A20}.Debug|x64.Build.0 = Debug|Any CPU
		{F8659AA9-551F-428C-B6D4-E4E12B9F8A20}.Debug|x86.ActiveCfg = Debug|Any CPU
		{F8659AA9-551F-428C-B6D4-E4E12B9F8A20}.Debug|x86.Build.0 = Debug|Any CPU
		{F8659AA9-551F-428C-B6D4-E4E12B9F8A20}.Release|Any CPU.ActiveCfg = Release|Any CPU
		{F8659AA9-551F-428C-B6D4-E4E12B9F8A20}.Release|Any CPU.Build.0 = Release|Any CPU
		{F8659AA9-551F-428C-B6D4-E4E12B9F8A20}.Release|x64.ActiveCfg = Release|Any CPU
		{F8659AA9-551F-428C-B6D4-E4E12B9F8A20}.Release|x64.Build.0 = Release|Any CPU
		{F8659AA9-551F-428C-B6D4-E4E12B9F8A20}.Release|x86.ActiveCfg = Release|Any CPU
		{F8659AA9-551F-428C-B6D4-E4E12B9F8A20}.Release|x86.Build.0 = Release|Any CPU
		{701B4E28-1D2F-4B21-8157-B24CD14CF825}.Debug|Any CPU.ActiveCfg = Debug|Any CPU
		{701B4E28-1D2F-4B21-8157-B24CD14CF825}.Debug|Any CPU.Build.0 = Debug|Any CPU
		{701B4E28-1D2F-4B21-8157-B24CD14CF825}.Debug|x64.ActiveCfg = Debug|Any CPU
		{701B4E28-1D2F-4B21-8157-B24CD14CF825}.Debug|x64.Build.0 = Debug|Any CPU
		{701B4E28-1D2F-4B21-8157-B24CD14CF825}.Debug|x86.ActiveCfg = Debug|Any CPU
		{701B4E28-1D2F-4B21-8157-B24CD14CF825}.Debug|x86.Build.0 = Debug|Any CPU
		{701B4E28-1D2F-4B21-8157-B24CD14CF825}.Release|Any CPU.ActiveCfg = Release|Any CPU
		{701B4E28-1D2F-4B21-8157-B24CD14CF825}.Release|Any CPU.Build.0 = Release|Any CPU
		{701B4E28-1D2F-4B21-8157-B24CD14CF825}.Release|x64.ActiveCfg = Release|Any CPU
		{701B4E28-1D2F-4B21-8157-B24CD14CF825}.Release|x64.Build.0 = Release|Any CPU
		{701B4E28-1D2F-4B21-8157-B24CD14CF825}.Release|x86.ActiveCfg = Release|Any CPU
		{701B4E28-1D2F-4B21-8157-B24CD14CF825}.Release|x86.Build.0 = Release|Any CPU
	EndGlobalSection
	GlobalSection(SolutionProperties) = preSolution
		HideSolutionNode = FALSE
	EndGlobalSection
	GlobalSection(ExtensibilityGlobals) = postSolution
		SolutionGuid = {C91DDEAA-203B-4AEF-B435-D74598E0EB10}
	EndGlobalSection
EndGlobal
